
Microsoft Visual Studio Solution File, Format Version 12.00
# Visual Studio Version 16
VisualStudioVersion = 16.0.31501.217
MinimumVisualStudioVersion = 10.0.40219.1
Project("{9A19103F-16F7-4668-BE54-9A1E7A4F7556}") = "Microsoft.Azure.Management.EdgeOrder", "src\Microsoft.Azure.Management.EdgeOrder.csproj", "{C6512AF4-D8C8-45CC-9F4C-8B679CD665C1}"
EndProject
Project("{9A19103F-16F7-4668-BE54-9A1E7A4F7556}") = "Microsoft.Azure.Management.EdgeOrder.Tests", "tests\Microsoft.Azure.Management.EdgeOrder.Tests.csproj", "{14020DF3-3942-4FF4-ABCC-9C31ACB0DFB1}"
EndProject
Global
	GlobalSection(SolutionConfigurationPlatforms) = preSolution
		Debug|Any CPU = Debug|Any CPU
		Release|Any CPU = Release|Any CPU
	EndGlobalSection
	GlobalSection(ProjectConfigurationPlatforms) = postSolution
		{C6512AF4-D8C8-45CC-9F4C-8B679CD665C1}.Debug|Any CPU.ActiveCfg = Debug|Any CPU
		{C6512AF4-D8C8-45CC-9F4C-8B679CD665C1}.Debug|Any CPU.Build.0 = Debug|Any CPU
		{C6512AF4-D8C8-45CC-9F4C-8B679CD665C1}.Release|Any CPU.ActiveCfg = Release|Any CPU
		{C6512AF4-D8C8-45CC-9F4C-8B679CD665C1}.Release|Any CPU.Build.0 = Release|Any CPU
		{14020DF3-3942-4FF4-ABCC-9C31ACB0DFB1}.Debug|Any CPU.ActiveCfg = Debug|Any CPU
		{14020DF3-3942-4FF4-ABCC-9C31ACB0DFB1}.Debug|Any CPU.Build.0 = Debug|Any CPU
		{14020DF3-3942-4FF4-ABCC-9C31ACB0DFB1}.Release|Any CPU.ActiveCfg = Release|Any CPU
		{14020DF3-3942-4FF4-ABCC-9C31ACB0DFB1}.Release|Any CPU.Build.0 = Release|Any CPU
	EndGlobalSection
	GlobalSection(SolutionProperties) = preSolution
		HideSolutionNode = FALSE
	EndGlobalSection
	GlobalSection(ExtensibilityGlobals) = postSolution
		SolutionGuid = {D4CD0C9F-6C41-48BB-9477-3C0BC4F4634D}
	EndGlobalSection
EndGlobal
