
Microsoft Visual Studio Solution File, Format Version 12.00
# Visual Studio Version 16
VisualStudioVersion = 16.0.30309.148
MinimumVisualStudioVersion = 10.0.40219.1
Project("{18C82CF0-C107-489E-AC72-8E5A20F2BE89}") = "Azure.ResourceManager.EdgeOrderPartner", "src\Azure.ResourceManager.EdgeOrderPartner.csproj", "{0C5481AA-D25D-4BA2-B67B-4BBCCDADC92C}"
EndProject
Project("{18C82CF0-C107-489E-AC72-8E5A20F2BE89}") = "Azure.ResourceManager.EdgeOrderPartner.Tests", "tests\Azure.ResourceManager.EdgeOrderPartner.Tests.csproj", "{C7765D01-C633-4F32-BA90-777A762AB10F}"
EndProject
Global
	GlobalSection(SolutionProperties) = preSolution
		HideSolutionNode = FALSE
	EndGlobalSection
	GlobalSection(ExtensibilityGlobals) = postSolution
		SolutionGuid = {D3153F5E-28DE-4C97-8990-3B0265320C0C}
	EndGlobalSection
	GlobalSection(SolutionConfigurationPlatforms) = preSolution
		Debug|Any CPU = Debug|Any CPU
		Debug|x64 = Debug|x64
		Debug|x86 = Debug|x86
		Release|Any CPU = Release|Any CPU
		Release|x64 = Release|x64
		Release|x86 = Release|x86
	EndGlobalSection
	GlobalSection(ProjectConfigurationPlatforms) = postSolution
		{0C5481AA-D25D-4BA2-B67B-4BBCCDADC92C}.Debug|Any CPU.ActiveCfg = Debug|Any CPU
		{0C5481AA-D25D-4BA2-B67B-4BBCCDADC92C}.Debug|Any CPU.Build.0 = Debug|Any CPU
		{0C5481AA-D25D-4BA2-B67B-4BBCCDADC92C}.Debug|x64.ActiveCfg = Debug|Any CPU
		{0C5481AA-D25D-4BA2-B67B-4BBCCDADC92C}.Debug|x64.Build.0 = Debug|Any CPU
		{0C5481AA-D25D-4BA2-B67B-4BBCCDADC92C}.Debug|x86.ActiveCfg = Debug|Any CPU
		{0C5481AA-D25D-4BA2-B67B-4BBCCDADC92C}.Debug|x86.Build.0 = Debug|Any CPU
		{0C5481AA-D25D-4BA2-B67B-4BBCCDADC92C}.Release|Any CPU.ActiveCfg = Release|Any CPU
		{0C5481AA-D25D-4BA2-B67B-4BBCCDADC92C}.Release|Any CPU.Build.0 = Release|Any CPU
		{0C5481AA-D25D-4BA2-B67B-4BBCCDADC92C}.Release|x64.ActiveCfg = Release|Any CPU
		{0C5481AA-D25D-4BA2-B67B-4BBCCDADC92C}.Release|x64.Build.0 = Release|Any CPU
		{0C5481AA-D25D-4BA2-B67B-4BBCCDADC92C}.Release|x86.ActiveCfg = Release|Any CPU
		{0C5481AA-D25D-4BA2-B67B-4BBCCDADC92C}.Release|x86.Build.0 = Release|Any CPU
		{C7765D01-C633-4F32-BA90-777A762AB10F}.Debug|Any CPU.ActiveCfg = Debug|Any CPU
		{C7765D01-C633-4F32-BA90-777A762AB10F}.Debug|Any CPU.Build.0 = Debug|Any CPU
		{C7765D01-C633-4F32-BA90-777A762AB10F}.Debug|x64.ActiveCfg = Debug|Any CPU
		{C7765D01-C633-4F32-BA90-777A762AB10F}.Debug|x64.Build.0 = Debug|Any CPU
		{C7765D01-C633-4F32-BA90-777A762AB10F}.Debug|x86.ActiveCfg = Debug|Any CPU
		{C7765D01-C633-4F32-BA90-777A762AB10F}.Debug|x86.Build.0 = Debug|Any CPU
		{C7765D01-C633-4F32-BA90-777A762AB10F}.Release|Any CPU.ActiveCfg = Release|Any CPU
		{C7765D01-C633-4F32-BA90-777A762AB10F}.Release|Any CPU.Build.0 = Release|Any CPU
		{C7765D01-C633-4F32-BA90-777A762AB10F}.Release|x64.ActiveCfg = Release|Any CPU
		{C7765D01-C633-4F32-BA90-777A762AB10F}.Release|x64.Build.0 = Release|Any CPU
		{C7765D01-C633-4F32-BA90-777A762AB10F}.Release|x86.ActiveCfg = Release|Any CPU
		{C7765D01-C633-4F32-BA90-777A762AB10F}.Release|x86.Build.0 = Release|Any CPU
	EndGlobalSection
EndGlobal
